
Microsoft Visual Studio Solution File, Format Version 12.00
# Visual Studio 14
VisualStudioVersion = 14.0.25420.1
MinimumVisualStudioVersion = 10.0.40219.1
Project("{2150E333-8FDC-42A3-9474-1A3956D46DE8}") = "2. Business", "2. Business", "{B07059FC-9FB9-4E74-A582-5FF2C7AF8676}"
EndProject
Project("{2150E333-8FDC-42A3-9474-1A3956D46DE8}") = "5. View", "5. View", "{7DE48FA4-7B69-4A6E-BF96-A1F134A745F3}"
EndProject
Project("{2150E333-8FDC-42A3-9474-1A3956D46DE8}") = "1. Model", "1. Model", "{9CBD58ED-4864-409E-A96D-9D40376A8860}"
EndProject
Project("{FAE04EC0-301F-11D3-BF4B-00C04F79EFBC}") = "IB.SM.Model", "IB.SM.Model\IB.SM.Model.csproj", "{E091A8B5-E601-4DF1-A433-7C9424AF76D1}"
EndProject
Project("{FAE04EC0-301F-11D3-BF4B-00C04F79EFBC}") = "IB.SM.Business", "IB.SM.Business\IB.SM.Business.csproj", "{F6EF5DF6-19E1-42F0-A374-5490EC1ECD61}"
EndProject
Project("{2150E333-8FDC-42A3-9474-1A3956D46DE8}") = "4. Data", "4. Data", "{587C5A5F-5EDF-437E-AA00-F164C91C3ECF}"
EndProject
Project("{FAE04EC0-301F-11D3-BF4B-00C04F79EFBC}") = "IB.SM.Data", "IB.SM.Data\IB.SM.Data.csproj", "{7B1DAF9D-FD70-48ED-AF69-0FB1631DB687}"
EndProject
Project("{2150E333-8FDC-42A3-9474-1A3956D46DE8}") = "Solution Items", "Solution Items", "{BEE2547C-EBCA-497B-8EC5-81096C970C4D}"
	ProjectSection(SolutionItems) = preProject
		Dependencias.txt = Dependencias.txt
		IB.SM.SysAdmin\IBConfig.ini = IB.SM.SysAdmin\IBConfig.ini
		Notas.txt = Notas.txt
	EndProjectSection
EndProject
Project("{FAE04EC0-301F-11D3-BF4B-00C04F79EFBC}") = "IB.SM.SysAdmin", "IB.SM.SysAdmin\IB.SM.SysAdmin.csproj", "{0196AAD3-F15B-4845-836D-07F49EBBEA46}"
EndProject
Project("{FAE04EC0-301F-11D3-BF4B-00C04F79EFBC}") = "IB.SM.Config", "IB.SM.Config\IB.SM.Config.csproj", "{E66096CF-E737-4F6D-945E-50C8FD83023C}"
EndProject
Project("{FAE04EC0-301F-11D3-BF4B-00C04F79EFBC}") = "IB.IniFile", "IB.IniFile\IB.IniFile.csproj", "{871BB57F-D477-45EB-8EF8-78841F075BE4}"
EndProject
Project("{2150E333-8FDC-42A3-9474-1A3956D46DE8}") = "3. Factory", "3. Factory", "{59262A13-419F-4FCF-95C2-FD4FE8FA88E7}"
EndProject
Project("{FAE04EC0-301F-11D3-BF4B-00C04F79EFBC}") = "IB.SM.Factory", "IB.SM.Factory\IB.SM.Factory.csproj", "{3AD46C7E-999B-41F6-8CA0-56596DF6BD5A}"
EndProject
Project("{FAE04EC0-301F-11D3-BF4B-00C04F79EFBC}") = "IB.SM.Exceptions", "IB.SM.Exceptions\IB.SM.Exceptions.csproj", "{E8D0CCC4-5C97-429D-9160-5B32E39E5C59}"
EndProject
Project("{FAE04EC0-301F-11D3-BF4B-00C04F79EFBC}") = "IB.SM.AlarmView", "IB.SM.AlarmView\IB.SM.AlarmView.csproj", "{9A35ADD3-B064-41B9-92E6-88DD24D76A1C}"
EndProject
Project("{2150E333-8FDC-42A3-9474-1A3956D46DE8}") = "6. Services", "6. Services", "{094BF69D-E6FA-4BC7-B236-3BBFD2E308C8}"
EndProject
Project("{FAE04EC0-301F-11D3-BF4B-00C04F79EFBC}") = "IB.SM.Communicator", "IB.SM.Comunicator\IB.SM.Communicator.csproj", "{541E987B-59E2-4103-8B84-4038BB35A4D4}"
EndProject
Project("{2150E333-8FDC-42A3-9474-1A3956D46DE8}") = "8. Testes", "8. Testes", "{26CB72C8-2548-4134-9E30-95932FB8EE25}"
EndProject
Project("{FAE04EC0-301F-11D3-BF4B-00C04F79EFBC}") = "IB.SM.Testes", "IB.SM.Testes\IB.SM.Testes.csproj", "{5BF3D5A4-22CB-4239-AE6B-B0279CEBA888}"
EndProject
Project("{FAE04EC0-301F-11D3-BF4B-00C04F79EFBC}") = "IB.Monitoring.WF", "IB.Monitoring\IB.Monitoring.WF.csproj", "{D5766D62-01A5-40F5-A418-F600C4690DC8}"
EndProject
Project("{FAE04EC0-301F-11D3-BF4B-00C04F79EFBC}") = "IB.SM.Collector", "IB.SM.Collector\IB.SM.Collector.csproj", "{A940C48F-69D9-462E-9815-D509CC5D498A}"
EndProject
Project("{2150E333-8FDC-42A3-9474-1A3956D46DE8}") = "7. Setup", "7. Setup", "{ABD0BB33-3D43-4B5A-B08E-57F01828E031}"
EndProject
Project("{FAE04EC0-301F-11D3-BF4B-00C04F79EFBC}") = "IB.SM.Communicator.Service", "IB.SM.Comunicator.Service\IB.SM.Communicator.Service.csproj", "{B5AAEB33-AEEF-4874-AFA0-F46BA1D5BFD4}"
EndProject
Project("{54435603-DBB4-11D2-8724-00A0C9A8B90C}") = "SetupServer", "SetupServer\SetupServer.vdproj", "{06B4AB11-9C4C-41BB-9AE1-4983B65D619A}"
EndProject
Project("{54435603-DBB4-11D2-8724-00A0C9A8B90C}") = "SetupTeste", "SetupTeste\SetupTeste.vdproj", "{882A1E44-2B9A-4DE9-B700-98912ECDA835}"
EndProject
Project("{54435603-DBB4-11D2-8724-00A0C9A8B90C}") = "SetupClient", "SetupClient\SetupClient.vdproj", "{5D5F7D59-0B5E-470F-B6F9-6D725DC5CC19}"
EndProject
Project("{FAE04EC0-301F-11D3-BF4B-00C04F79EFBC}") = "ServicosWin", "ServicosWin\ServicosWin.csproj", "{CB1C4456-DEFC-44E0-A7DA-156F6BBAACDC}"
EndProject
Project("{FAE04EC0-301F-11D3-BF4B-00C04F79EFBC}") = "ConsoleApplication1", "ConsoleApplication1\ConsoleApplication1.csproj", "{56395639-CEB7-4908-BA58-A5CF8B578F43}"
EndProject
Global
	GlobalSection(SolutionConfigurationPlatforms) = preSolution
		Debug|Any CPU = Debug|Any CPU
		Release|Any CPU = Release|Any CPU
	EndGlobalSection
	GlobalSection(ProjectConfigurationPlatforms) = postSolution
		{E091A8B5-E601-4DF1-A433-7C9424AF76D1}.Debug|Any CPU.ActiveCfg = Debug|Any CPU
		{E091A8B5-E601-4DF1-A433-7C9424AF76D1}.Debug|Any CPU.Build.0 = Debug|Any CPU
		{E091A8B5-E601-4DF1-A433-7C9424AF76D1}.Release|Any CPU.ActiveCfg = Release|Any CPU
		{E091A8B5-E601-4DF1-A433-7C9424AF76D1}.Release|Any CPU.Build.0 = Release|Any CPU
		{F6EF5DF6-19E1-42F0-A374-5490EC1ECD61}.Debug|Any CPU.ActiveCfg = Debug|Any CPU
		{F6EF5DF6-19E1-42F0-A374-5490EC1ECD61}.Debug|Any CPU.Build.0 = Debug|Any CPU
		{F6EF5DF6-19E1-42F0-A374-5490EC1ECD61}.Release|Any CPU.ActiveCfg = Release|Any CPU
		{F6EF5DF6-19E1-42F0-A374-5490EC1ECD61}.Release|Any CPU.Build.0 = Release|Any CPU
		{7B1DAF9D-FD70-48ED-AF69-0FB1631DB687}.Debug|Any CPU.ActiveCfg = Debug|Any CPU
		{7B1DAF9D-FD70-48ED-AF69-0FB1631DB687}.Debug|Any CPU.Build.0 = Debug|Any CPU
		{7B1DAF9D-FD70-48ED-AF69-0FB1631DB687}.Release|Any CPU.ActiveCfg = Release|Any CPU
		{7B1DAF9D-FD70-48ED-AF69-0FB1631DB687}.Release|Any CPU.Build.0 = Release|Any CPU
		{0196AAD3-F15B-4845-836D-07F49EBBEA46}.Debug|Any CPU.ActiveCfg = Debug|Any CPU
		{0196AAD3-F15B-4845-836D-07F49EBBEA46}.Debug|Any CPU.Build.0 = Debug|Any CPU
		{0196AAD3-F15B-4845-836D-07F49EBBEA46}.Release|Any CPU.ActiveCfg = Release|Any CPU
		{0196AAD3-F15B-4845-836D-07F49EBBEA46}.Release|Any CPU.Build.0 = Release|Any CPU
		{E66096CF-E737-4F6D-945E-50C8FD83023C}.Debug|Any CPU.ActiveCfg = Debug|Any CPU
		{E66096CF-E737-4F6D-945E-50C8FD83023C}.Debug|Any CPU.Build.0 = Debug|Any CPU
		{E66096CF-E737-4F6D-945E-50C8FD83023C}.Release|Any CPU.ActiveCfg = Release|Any CPU
		{E66096CF-E737-4F6D-945E-50C8FD83023C}.Release|Any CPU.Build.0 = Release|Any CPU
		{871BB57F-D477-45EB-8EF8-78841F075BE4}.Debug|Any CPU.ActiveCfg = Debug|Any CPU
		{871BB57F-D477-45EB-8EF8-78841F075BE4}.Debug|Any CPU.Build.0 = Debug|Any CPU
		{871BB57F-D477-45EB-8EF8-78841F075BE4}.Release|Any CPU.ActiveCfg = Release|Any CPU
		{871BB57F-D477-45EB-8EF8-78841F075BE4}.Release|Any CPU.Build.0 = Release|Any CPU
		{3AD46C7E-999B-41F6-8CA0-56596DF6BD5A}.Debug|Any CPU.ActiveCfg = Debug|Any CPU
		{3AD46C7E-999B-41F6-8CA0-56596DF6BD5A}.Debug|Any CPU.Build.0 = Debug|Any CPU
		{3AD46C7E-999B-41F6-8CA0-56596DF6BD5A}.Release|Any CPU.ActiveCfg = Release|Any CPU
		{3AD46C7E-999B-41F6-8CA0-56596DF6BD5A}.Release|Any CPU.Build.0 = Release|Any CPU
		{E8D0CCC4-5C97-429D-9160-5B32E39E5C59}.Debug|Any CPU.ActiveCfg = Debug|Any CPU
		{E8D0CCC4-5C97-429D-9160-5B32E39E5C59}.Debug|Any CPU.Build.0 = Debug|Any CPU
		{E8D0CCC4-5C97-429D-9160-5B32E39E5C59}.Release|Any CPU.ActiveCfg = Release|Any CPU
		{E8D0CCC4-5C97-429D-9160-5B32E39E5C59}.Release|Any CPU.Build.0 = Release|Any CPU
		{9A35ADD3-B064-41B9-92E6-88DD24D76A1C}.Debug|Any CPU.ActiveCfg = Debug|Any CPU
		{9A35ADD3-B064-41B9-92E6-88DD24D76A1C}.Debug|Any CPU.Build.0 = Debug|Any CPU
		{9A35ADD3-B064-41B9-92E6-88DD24D76A1C}.Release|Any CPU.ActiveCfg = Release|Any CPU
		{9A35ADD3-B064-41B9-92E6-88DD24D76A1C}.Release|Any CPU.Build.0 = Release|Any CPU
		{541E987B-59E2-4103-8B84-4038BB35A4D4}.Debug|Any CPU.ActiveCfg = Debug|Any CPU
		{541E987B-59E2-4103-8B84-4038BB35A4D4}.Debug|Any CPU.Build.0 = Debug|Any CPU
		{541E987B-59E2-4103-8B84-4038BB35A4D4}.Release|Any CPU.ActiveCfg = Release|Any CPU
		{541E987B-59E2-4103-8B84-4038BB35A4D4}.Release|Any CPU.Build.0 = Release|Any CPU
		{5BF3D5A4-22CB-4239-AE6B-B0279CEBA888}.Debug|Any CPU.ActiveCfg = Debug|Any CPU
		{5BF3D5A4-22CB-4239-AE6B-B0279CEBA888}.Debug|Any CPU.Build.0 = Debug|Any CPU
		{5BF3D5A4-22CB-4239-AE6B-B0279CEBA888}.Release|Any CPU.ActiveCfg = Release|Any CPU
		{5BF3D5A4-22CB-4239-AE6B-B0279CEBA888}.Release|Any CPU.Build.0 = Release|Any CPU
		{D5766D62-01A5-40F5-A418-F600C4690DC8}.Debug|Any CPU.ActiveCfg = Debug|Any CPU
		{D5766D62-01A5-40F5-A418-F600C4690DC8}.Debug|Any CPU.Build.0 = Debug|Any CPU
		{D5766D62-01A5-40F5-A418-F600C4690DC8}.Release|Any CPU.ActiveCfg = Release|Any CPU
		{D5766D62-01A5-40F5-A418-F600C4690DC8}.Release|Any CPU.Build.0 = Release|Any CPU
		{A940C48F-69D9-462E-9815-D509CC5D498A}.Debug|Any CPU.ActiveCfg = Debug|Any CPU
		{A940C48F-69D9-462E-9815-D509CC5D498A}.Debug|Any CPU.Build.0 = Debug|Any CPU
		{A940C48F-69D9-462E-9815-D509CC5D498A}.Release|Any CPU.ActiveCfg = Release|Any CPU
		{A940C48F-69D9-462E-9815-D509CC5D498A}.Release|Any CPU.Build.0 = Release|Any CPU
		{B5AAEB33-AEEF-4874-AFA0-F46BA1D5BFD4}.Debug|Any CPU.ActiveCfg = Debug|Any CPU
		{B5AAEB33-AEEF-4874-AFA0-F46BA1D5BFD4}.Debug|Any CPU.Build.0 = Debug|Any CPU
		{B5AAEB33-AEEF-4874-AFA0-F46BA1D5BFD4}.Release|Any CPU.ActiveCfg = Release|Any CPU
		{B5AAEB33-AEEF-4874-AFA0-F46BA1D5BFD4}.Release|Any CPU.Build.0 = Release|Any CPU
		{06B4AB11-9C4C-41BB-9AE1-4983B65D619A}.Debug|Any CPU.ActiveCfg = Debug
		{06B4AB11-9C4C-41BB-9AE1-4983B65D619A}.Release|Any CPU.ActiveCfg = Release
		{882A1E44-2B9A-4DE9-B700-98912ECDA835}.Debug|Any CPU.ActiveCfg = Debug
		{882A1E44-2B9A-4DE9-B700-98912ECDA835}.Release|Any CPU.ActiveCfg = Release
		{5D5F7D59-0B5E-470F-B6F9-6D725DC5CC19}.Debug|Any CPU.ActiveCfg = Debug
		{5D5F7D59-0B5E-470F-B6F9-6D725DC5CC19}.Release|Any CPU.ActiveCfg = Release
		{CB1C4456-DEFC-44E0-A7DA-156F6BBAACDC}.Debug|Any CPU.ActiveCfg = Debug|Any CPU
		{CB1C4456-DEFC-44E0-A7DA-156F6BBAACDC}.Debug|Any CPU.Build.0 = Debug|Any CPU
		{CB1C4456-DEFC-44E0-A7DA-156F6BBAACDC}.Release|Any CPU.ActiveCfg = Release|Any CPU
		{CB1C4456-DEFC-44E0-A7DA-156F6BBAACDC}.Release|Any CPU.Build.0 = Release|Any CPU
		{56395639-CEB7-4908-BA58-A5CF8B578F43}.Debug|Any CPU.ActiveCfg = Debug|Any CPU
		{56395639-CEB7-4908-BA58-A5CF8B578F43}.Debug|Any CPU.Build.0 = Debug|Any CPU
		{56395639-CEB7-4908-BA58-A5CF8B578F43}.Release|Any CPU.ActiveCfg = Release|Any CPU
		{56395639-CEB7-4908-BA58-A5CF8B578F43}.Release|Any CPU.Build.0 = Release|Any CPU
	EndGlobalSection
	GlobalSection(SolutionProperties) = preSolution
		HideSolutionNode = FALSE
	EndGlobalSection
	GlobalSection(NestedProjects) = preSolution
		{E091A8B5-E601-4DF1-A433-7C9424AF76D1} = {9CBD58ED-4864-409E-A96D-9D40376A8860}
		{F6EF5DF6-19E1-42F0-A374-5490EC1ECD61} = {B07059FC-9FB9-4E74-A582-5FF2C7AF8676}
		{7B1DAF9D-FD70-48ED-AF69-0FB1631DB687} = {587C5A5F-5EDF-437E-AA00-F164C91C3ECF}
		{0196AAD3-F15B-4845-836D-07F49EBBEA46} = {7DE48FA4-7B69-4A6E-BF96-A1F134A745F3}
		{E66096CF-E737-4F6D-945E-50C8FD83023C} = {7DE48FA4-7B69-4A6E-BF96-A1F134A745F3}
		{871BB57F-D477-45EB-8EF8-78841F075BE4} = {B07059FC-9FB9-4E74-A582-5FF2C7AF8676}
		{3AD46C7E-999B-41F6-8CA0-56596DF6BD5A} = {59262A13-419F-4FCF-95C2-FD4FE8FA88E7}
		{E8D0CCC4-5C97-429D-9160-5B32E39E5C59} = {9CBD58ED-4864-409E-A96D-9D40376A8860}
		{9A35ADD3-B064-41B9-92E6-88DD24D76A1C} = {7DE48FA4-7B69-4A6E-BF96-A1F134A745F3}
		{541E987B-59E2-4103-8B84-4038BB35A4D4} = {094BF69D-E6FA-4BC7-B236-3BBFD2E308C8}
		{5BF3D5A4-22CB-4239-AE6B-B0279CEBA888} = {26CB72C8-2548-4134-9E30-95932FB8EE25}
		{D5766D62-01A5-40F5-A418-F600C4690DC8} = {26CB72C8-2548-4134-9E30-95932FB8EE25}
		{A940C48F-69D9-462E-9815-D509CC5D498A} = {094BF69D-E6FA-4BC7-B236-3BBFD2E308C8}
		{B5AAEB33-AEEF-4874-AFA0-F46BA1D5BFD4} = {094BF69D-E6FA-4BC7-B236-3BBFD2E308C8}
		{06B4AB11-9C4C-41BB-9AE1-4983B65D619A} = {ABD0BB33-3D43-4B5A-B08E-57F01828E031}
		{882A1E44-2B9A-4DE9-B700-98912ECDA835} = {ABD0BB33-3D43-4B5A-B08E-57F01828E031}
		{5D5F7D59-0B5E-470F-B6F9-6D725DC5CC19} = {ABD0BB33-3D43-4B5A-B08E-57F01828E031}
		{CB1C4456-DEFC-44E0-A7DA-156F6BBAACDC} = {B07059FC-9FB9-4E74-A582-5FF2C7AF8676}
		{56395639-CEB7-4908-BA58-A5CF8B578F43} = {26CB72C8-2548-4134-9E30-95932FB8EE25}
	EndGlobalSection
EndGlobal
